// !$*UTF8*$!
{
	archiveVersion = 1;
	classes = {
	};
	objectVersion = 77;
	objects = {

/* Begin PBXBuildFile section */
		987FCED02E45FFF300AAB2F3 /* Inject in Frameworks */ = {isa = PBXBuildFile; productRef = 987FCECF2E45FFF300AAB2F3 /* Inject */; };
		98E3942D2E59038300F2616A /* SocketIO in Frameworks */ = {isa = PBXBuildFile; productRef = 987FCED22E460D4500AAB2F4 /* SocketIO */; };
/* End PBXBuildFile section */

/* Begin PBXFileReference section */
		98FE9B0C2E3FA8EC004AEED5 /* Hohma.app */ = {isa = PBXFileReference; explicitFileType = wrapper.application; includeInIndex = 0; path = Hohma.app; sourceTree = BUILT_PRODUCTS_DIR; };
/* End PBXFileReference section */

/* Begin PBXFileSystemSynchronizedBuildFileExceptionSet section */
		98FE9B452E3FAA89004AEED5 /* Exceptions for "Hohma" folder in "Hohma" target */ = {
			isa = PBXFileSystemSynchronizedBuildFileExceptionSet;
			membershipExceptions = (
				Info.plist,
			);
			target = 98FE9B0B2E3FA8EC004AEED5 /* Hohma */;
		};
/* End PBXFileSystemSynchronizedBuildFileExceptionSet section */

/* Begin PBXFileSystemSynchronizedRootGroup section */
		98FE9B0E2E3FA8EC004AEED5 /* Hohma */ = {
			isa = PBXFileSystemSynchronizedRootGroup;
			exceptions = (
				98FE9B452E3FAA89004AEED5 /* Exceptions for "Hohma" folder in "Hohma" target */,
			);
			path = Hohma;
			sourceTree = "<group>";
		};
/* End PBXFileSystemSynchronizedRootGroup section */

/* Begin PBXFrameworksBuildPhase section */
		98FE9B092E3FA8EC004AEED5 /* Frameworks */ = {
			isa = PBXFrameworksBuildPhase;
			buildActionMask = 2147483647;
			files = (
				98E3942D2E59038300F2616A /* SocketIO in Frameworks */,
				987FCED02E45FFF300AAB2F3 /* Inject in Frameworks */,
			);
			runOnlyForDeploymentPostprocessing = 0;
		};
/* End PBXFrameworksBuildPhase section */

/* Begin PBXGroup section */
		98FE9B032E3FA8EC004AEED5 = {
			isa = PBXGroup;
			children = (
				98FE9B0E2E3FA8EC004AEED5 /* Hohma */,
				98FE9B0D2E3FA8EC004AEED5 /* Products */,
			);
			sourceTree = "<group>";
		};
		98FE9B0D2E3FA8EC004AEED5 /* Products */ = {
			isa = PBXGroup;
			children = (
				98FE9B0C2E3FA8EC004AEED5 /* Hohma.app */,
			);
			name = Products;
			sourceTree = "<group>";
		};
/* End PBXGroup section */

/* Begin PBXNativeTarget section */
		98FE9B0B2E3FA8EC004AEED5 /* Hohma */ = {
			isa = PBXNativeTarget;
			buildConfigurationList = 98FE9B182E3FA8ED004AEED5 /* Build configuration list for PBXNativeTarget "Hohma" */;
			buildPhases = (
				98199BA62E460C4500F2A306 /* ShellScript */,
				98FE9B082E3FA8EC004AEED5 /* Sources */,
				98FE9B092E3FA8EC004AEED5 /* Frameworks */,
				98FE9B0A2E3FA8EC004AEED5 /* Resources */,
			);
			buildRules = (
			);
			dependencies = (
			);
			fileSystemSynchronizedGroups = (
				98FE9B0E2E3FA8EC004AEED5 /* Hohma */,
			);
			name = Hohma;
			packageProductDependencies = (
				987FCECF2E45FFF300AAB2F3 /* Inject */,
				987FCED22E460D4500AAB2F4 /* SocketIO */,
			);
			productName = Hohma;
			productReference = 98FE9B0C2E3FA8EC004AEED5 /* Hohma.app */;
			productType = "com.apple.product-type.application";
		};
/* End PBXNativeTarget section */

/* Begin PBXProject section */
		98FE9B042E3FA8EC004AEED5 /* Project object */ = {
			isa = PBXProject;
			attributes = {
				BuildIndependentTargetsInParallel = 1;
				LastSwiftUpdateCheck = 1640;
				LastUpgradeCheck = 1640;
				TargetAttributes = {
					98FE9B0B2E3FA8EC004AEED5 = {
						CreatedOnToolsVersion = 16.4;
					};
				};
			};
			buildConfigurationList = 98FE9B072E3FA8EC004AEED5 /* Build configuration list for PBXProject "Hohma" */;
			developmentRegion = en;
			hasScannedForEncodings = 0;
			knownRegions = (
				en,
				Base,
			);
			mainGroup = 98FE9B032E3FA8EC004AEED5;
			minimizedProjectReferenceProxies = 1;
			packageReferences = (
				987FCECE2E45FFF300AAB2F3 /* XCRemoteSwiftPackageReference "Inject" */,
				987FCED12E460D4500AAB2F4 /* XCRemoteSwiftPackageReference "socket.io-client-swift" */,
			);
			preferredProjectObjectVersion = 77;
			productRefGroup = 98FE9B0D2E3FA8EC004AEED5 /* Products */;
			projectDirPath = "";
			projectRoot = "";
			targets = (
				98FE9B0B2E3FA8EC004AEED5 /* Hohma */,
			);
		};
/* End PBXProject section */

/* Begin PBXResourcesBuildPhase section */
		98FE9B0A2E3FA8EC004AEED5 /* Resources */ = {
			isa = PBXResourcesBuildPhase;
			buildActionMask = 2147483647;
			files = (
			);
			runOnlyForDeploymentPostprocessing = 0;
		};
/* End PBXResourcesBuildPhase section */

/* Begin PBXShellScriptBuildPhase section */
		98199BA62E460C4500F2A306 /* ShellScript */ = {
			isa = PBXShellScriptBuildPhase;
			buildActionMask = 2147483647;
			files = (
			);
			inputFileListPaths = (
			);
			inputPaths = (
				"$(SRCROOT)/**/*.swift",
			);
			outputFileListPaths = (
			);
			outputPaths = (
				"$(DERIVED_FILE_DIR)/inject-modification-complete",
			);
			runOnlyForDeploymentPostprocessing = 0;
			shellPath = /bin/bash;
			shellScript = "#!/bin/bash\n\necho \"=== Inject Script Started ===\"\necho \"SRCROOT: $SRCROOT\"\necho \"Current directory: $(pwd)\"\n\n# Function to modify a single Swift file\nmodify_swift_file() {\n    local filepath=\"$1\"\n    local filename=$(basename \"$filepath\")\n    local tempfile=\"$filepath.tmp\"\n\n    echo \"Processing file: $filename\"\n\n    # Check if the file should be processed\n    if [[ $(grep -c \": View {\" \"$filepath\") -eq 0 ]]; then\n        echo \"Skipping: $filename (No ': View {' found)\"\n        return\n    fi\n\n    echo \"File contains ': View {' - processing...\"\n\n    # Create a temporary file for modifications\n    cp \"$filepath\" \"$tempfile\"\n    echo \"Created temp file: $tempfile\"\n\n    # 1. Add import Inject if needed\n    if ! grep -q \"import Inject\" \"$tempfile\"; then\n        echo \"Adding import Inject...\"\n        awk '/^import SwiftUI/ { print; print \"import Inject\"; next } { print }' \"$tempfile\" > \"$tempfile.new\" && mv \"$tempfile.new\" \"$tempfile\"\n    fi\n\n    # 2. Add @ObserveInjection var inject if needed\n    if ! grep -q \"@ObserveInjection var inject\" \"$tempfile\"; then\n        echo \"Adding @ObserveInjection var inject...\"\n        awk '/struct.*: View {/ { print; print \"    @ObserveInjection var inject\"; next } { print }' \"$tempfile\" > \"$tempfile.new\" && mv \"$tempfile.new\" \"$tempfile\"\n    fi\n\n    # 3. Add .enableInjection() just before the closing brace of the body\n    # Find the start of var body: some View {\n    local body_start_line=$(grep -n \"var body: some View {\" \"$tempfile\" | cut -d ':' -f 1)\n\n    if [[ -n \"$body_start_line\" ]]; then\n        # Get the line number of the closing brace of the body\n        local body_end_line=$(awk -v start=\"$body_start_line\" '\n            NR == start { count = 1 }\n            NR > start {\n                if ($0 ~ /{/) count++\n                if ($0 ~ /}/) {\n                    count--\n                    if (count == 0) {\n                        print NR\n                        exit\n                    }\n                }\n            }\n        ' \"$tempfile\")\n\n        if [[ -n \"$body_end_line\" ]]; then\n            # Check if .enableInjection() is already present\n            if ! grep -q \".enableInjection()\" \"$tempfile\"; then\n                echo \"Adding .enableInjection()...\"\n                # Insert .enableInjection() before the closing brace of the body\n                sed -i '' -e \"${body_end_line}i\\\\\n        .enableInjection()\" \"$tempfile\"\n            fi\n        fi\n    fi\n\n    # Check if modifications were made and overwrite the original file\n    if ! cmp -s \"$filepath\" \"$tempfile\"; then\n        mv \"$tempfile\" \"$filepath\"\n        echo \"Modified: $filename\"\n    else\n        echo \"No changes for: $filename\"\n    fi\n\n    rm -f \"$tempfile\"\n}\n\necho \"Looking for Swift files...\"\nfind \"$SRCROOT/Hohma\" -name \"*.swift\" -print0 | while IFS= read -r -d $'\\0' filepath; do\n    modify_swift_file \"$filepath\"\ndone\n\necho \"=== Inject Script Completed ===\"\n\ntouch \"$DERIVED_FILE_DIR/inject-modification-complete\"\n";
		};
/* End PBXShellScriptBuildPhase section */

/* Begin PBXSourcesBuildPhase section */
		98FE9B082E3FA8EC004AEED5 /* Sources */ = {
			isa = PBXSourcesBuildPhase;
			buildActionMask = 2147483647;
			files = (
			);
			runOnlyForDeploymentPostprocessing = 0;
		};
/* End PBXSourcesBuildPhase section */

/* Begin XCBuildConfiguration section */
		98FE9B162E3FA8ED004AEED5 /* Debug */ = {
			isa = XCBuildConfiguration;
			buildSettings = {
				ALWAYS_SEARCH_USER_PATHS = NO;
				ASSETCATALOG_COMPILER_GENERATE_SWIFT_ASSET_SYMBOL_EXTENSIONS = YES;
				CLANG_ANALYZER_NONNULL = YES;
				CLANG_ANALYZER_NUMBER_OBJECT_CONVERSION = YES_AGGRESSIVE;
				CLANG_CXX_LANGUAGE_STANDARD = "gnu++20";
				CLANG_ENABLE_MODULES = YES;
				CLANG_ENABLE_OBJC_ARC = YES;
				CLANG_ENABLE_OBJC_WEAK = YES;
				CLANG_WARN_BLOCK_CAPTURE_AUTORELEASING = YES;
				CLANG_WARN_BOOL_CONVERSION = YES;
				CLANG_WARN_COMMA = YES;
				CLANG_WARN_CONSTANT_CONVERSION = YES;
				CLANG_WARN_DEPRECATED_OBJC_IMPLEMENTATIONS = YES;
				CLANG_WARN_DIRECT_OBJC_ISA_USAGE = YES_ERROR;
				CLANG_WARN_DOCUMENTATION_COMMENTS = YES;
				CLANG_WARN_EMPTY_BODY = YES;
				CLANG_WARN_ENUM_CONVERSION = YES;
				CLANG_WARN_INFINITE_RECURSION = YES;
				CLANG_WARN_INT_CONVERSION = YES;
				CLANG_WARN_NON_LITERAL_NULL_CONVERSION = YES;
				CLANG_WARN_OBJC_IMPLICIT_RETAIN_SELF = YES;
				CLANG_WARN_OBJC_LITERAL_CONVERSION = YES;
				CLANG_WARN_OBJC_ROOT_CLASS = YES_ERROR;
				CLANG_WARN_QUOTED_INCLUDE_IN_FRAMEWORK_HEADER = YES;
				CLANG_WARN_RANGE_LOOP_ANALYSIS = YES;
				CLANG_WARN_STRICT_PROTOTYPES = YES;
				CLANG_WARN_SUSPICIOUS_MOVE = YES;
				CLANG_WARN_UNGUARDED_AVAILABILITY = YES_AGGRESSIVE;
				CLANG_WARN_UNREACHABLE_CODE = YES;
				CLANG_WARN__DUPLICATE_METHOD_MATCH = YES;
				COPY_PHASE_STRIP = NO;
				DEBUG_INFORMATION_FORMAT = dwarf;
				DEVELOPMENT_TEAM = 4D7KVU7P88;
				ENABLE_STRICT_OBJC_MSGSEND = YES;
				ENABLE_TESTABILITY = YES;
				ENABLE_USER_SCRIPT_SANDBOXING = NO;
				GCC_C_LANGUAGE_STANDARD = gnu17;
				GCC_DYNAMIC_NO_PIC = NO;
				GCC_NO_COMMON_BLOCKS = YES;
				GCC_OPTIMIZATION_LEVEL = 0;
				GCC_PREPROCESSOR_DEFINITIONS = (
					"DEBUG=1",
					"$(inherited)",
				);
				GCC_WARN_64_TO_32_BIT_CONVERSION = YES;
				GCC_WARN_ABOUT_RETURN_TYPE = YES_ERROR;
				GCC_WARN_UNDECLARED_SELECTOR = YES;
				GCC_WARN_UNINITIALIZED_AUTOS = YES_AGGRESSIVE;
				GCC_WARN_UNUSED_FUNCTION = YES;
				GCC_WARN_UNUSED_VARIABLE = YES;
				LOCALIZATION_PREFERS_STRING_CATALOGS = YES;
				MTL_ENABLE_DEBUG_INFO = INCLUDE_SOURCE;
				MTL_FAST_MATH = YES;
				ONLY_ACTIVE_ARCH = YES;
				SWIFT_ACTIVE_COMPILATION_CONDITIONS = "DEBUG $(inherited)";
				SWIFT_OPTIMIZATION_LEVEL = "-Onone";
			};
			name = Debug;
		};
		98FE9B172E3FA8ED004AEED5 /* Release */ = {
			isa = XCBuildConfiguration;
			buildSettings = {
				ALWAYS_SEARCH_USER_PATHS = NO;
				ASSETCATALOG_COMPILER_GENERATE_SWIFT_ASSET_SYMBOL_EXTENSIONS = YES;
				CLANG_ANALYZER_NONNULL = YES;
				CLANG_ANALYZER_NUMBER_OBJECT_CONVERSION = YES_AGGRESSIVE;
				CLANG_CXX_LANGUAGE_STANDARD = "gnu++20";
				CLANG_ENABLE_MODULES = YES;
				CLANG_ENABLE_OBJC_ARC = YES;
				CLANG_ENABLE_OBJC_WEAK = YES;
				CLANG_WARN_BLOCK_CAPTURE_AUTORELEASING = YES;
				CLANG_WARN_BOOL_CONVERSION = YES;
				CLANG_WARN_COMMA = YES;
				CLANG_WARN_CONSTANT_CONVERSION = YES;
				CLANG_WARN_DEPRECATED_OBJC_IMPLEMENTATIONS = YES;
				CLANG_WARN_DIRECT_OBJC_ISA_USAGE = YES_ERROR;
				CLANG_WARN_DOCUMENTATION_COMMENTS = YES;
				CLANG_WARN_EMPTY_BODY = YES;
				CLANG_WARN_ENUM_CONVERSION = YES;
				CLANG_WARN_INFINITE_RECURSION = YES;
				CLANG_WARN_INT_CONVERSION = YES;
				CLANG_WARN_NON_LITERAL_NULL_CONVERSION = YES;
				CLANG_WARN_OBJC_IMPLICIT_RETAIN_SELF = YES;
				CLANG_WARN_OBJC_LITERAL_CONVERSION = YES;
				CLANG_WARN_OBJC_ROOT_CLASS = YES_ERROR;
				CLANG_WARN_QUOTED_INCLUDE_IN_FRAMEWORK_HEADER = YES;
				CLANG_WARN_RANGE_LOOP_ANALYSIS = YES;
				CLANG_WARN_STRICT_PROTOTYPES = YES;
				CLANG_WARN_SUSPICIOUS_MOVE = YES;
				CLANG_WARN_UNGUARDED_AVAILABILITY = YES_AGGRESSIVE;
				CLANG_WARN_UNREACHABLE_CODE = YES;
				CLANG_WARN__DUPLICATE_METHOD_MATCH = YES;
				COPY_PHASE_STRIP = NO;
				DEBUG_INFORMATION_FORMAT = "dwarf-with-dsym";
				DEVELOPMENT_TEAM = 4D7KVU7P88;
				ENABLE_NS_ASSERTIONS = NO;
				ENABLE_STRICT_OBJC_MSGSEND = YES;
				ENABLE_USER_SCRIPT_SANDBOXING = NO;
				GCC_C_LANGUAGE_STANDARD = gnu17;
				GCC_NO_COMMON_BLOCKS = YES;
				GCC_WARN_64_TO_32_BIT_CONVERSION = YES;
				GCC_WARN_ABOUT_RETURN_TYPE = YES_ERROR;
				GCC_WARN_UNDECLARED_SELECTOR = YES;
				GCC_WARN_UNINITIALIZED_AUTOS = YES_AGGRESSIVE;
				GCC_WARN_UNUSED_FUNCTION = YES;
				GCC_WARN_UNUSED_VARIABLE = YES;
				LOCALIZATION_PREFERS_STRING_CATALOGS = YES;
				MTL_ENABLE_DEBUG_INFO = NO;
				MTL_FAST_MATH = YES;
				SWIFT_COMPILATION_MODE = wholemodule;
			};
			name = Release;
		};
		98FE9B192E3FA8ED004AEED5 /* Debug */ = {
			isa = XCBuildConfiguration;
			buildSettings = {
				ASSETCATALOG_COMPILER_APPICON_NAME = AppIcon;
				ASSETCATALOG_COMPILER_GLOBAL_ACCENT_COLOR_NAME = AccentColor;
				CODE_SIGN_ENTITLEMENTS = Hohma/Hohma.entitlements;
				CODE_SIGN_STYLE = Automatic;
				CURRENT_PROJECT_VERSION = 1;
				DEVELOPMENT_TEAM = 4D7KVU7P88;
				EMIT_FRONTEND_COMMAND_LINES = YES;
				ENABLE_HARDENED_RUNTIME = YES;
				ENABLE_PREVIEWS = YES;
				GENERATE_INFOPLIST_FILE = YES;
				INFOPLIST_FILE = Hohma/Info.plist;
				INFOPLIST_KEY_CFBundleDisplayName = XOXMA;
				INFOPLIST_KEY_LSApplicationCategoryType = "public.app-category.entertainment";
				INFOPLIST_KEY_NSPhotoLibraryUsageDescription = "Приложению необходим доступ к фотографиям для загрузки аватара профиля";
				"INFOPLIST_KEY_UIApplicationSceneManifest_Generation[sdk=iphoneos*]" = YES;
				"INFOPLIST_KEY_UIApplicationSceneManifest_Generation[sdk=iphonesimulator*]" = YES;
				"INFOPLIST_KEY_UIApplicationSupportsIndirectInputEvents[sdk=iphoneos*]" = YES;
				"INFOPLIST_KEY_UIApplicationSupportsIndirectInputEvents[sdk=iphonesimulator*]" = YES;
				"INFOPLIST_KEY_UILaunchScreen_Generation[sdk=iphoneos*]" = YES;
				"INFOPLIST_KEY_UILaunchScreen_Generation[sdk=iphonesimulator*]" = YES;
				INFOPLIST_KEY_UILaunchStoryboardName = LaunchScreen;
				INFOPLIST_KEY_UIStatusBarStyle = UIStatusBarStyleDefault;
				"INFOPLIST_KEY_UIStatusBarStyle[sdk=iphoneos*]" = UIStatusBarStyleDefault;
				"INFOPLIST_KEY_UIStatusBarStyle[sdk=iphonesimulator*]" = UIStatusBarStyleDefault;
				INFOPLIST_KEY_UISupportedInterfaceOrientations = UIInterfaceOrientationPortrait;
				INFOPLIST_KEY_UISupportedInterfaceOrientations_iPad = "UIInterfaceOrientationLandscapeLeft UIInterfaceOrientationLandscapeRight UIInterfaceOrientationPortrait UIInterfaceOrientationPortraitUpsideDown";
				IPHONEOS_DEPLOYMENT_TARGET = 18.5;
				LD_RUNPATH_SEARCH_PATHS = "@executable_path/Frameworks";
				"LD_RUNPATH_SEARCH_PATHS[sdk=macosx*]" = "@executable_path/../Frameworks";
				MACOSX_DEPLOYMENT_TARGET = 15.5;
				MARKETING_VERSION = 1.0;
				OTHER_LDFLAGS = (
					"-Xlinker",
					"-interposable",
				);
				PRODUCT_BUNDLE_IDENTIFIER = riqtu.Hohma;
				PRODUCT_NAME = "$(TARGET_NAME)";
				REGISTER_APP_GROUPS = YES;
				SDKROOT = auto;
				SUPPORTED_PLATFORMS = "iphoneos iphonesimulator";
				SUPPORTS_MACCATALYST = NO;
				SWIFT_EMIT_LOC_STRINGS = YES;
				SWIFT_VERSION = 5.0;
				TARGETED_DEVICE_FAMILY = "1,2";
				XROS_DEPLOYMENT_TARGET = 2.5;
			};
			name = Debug;
		};
		98FE9B1A2E3FA8ED004AEED5 /* Release */ = {
			isa = XCBuildConfiguration;
			buildSettings = {
				ASSETCATALOG_COMPILER_APPICON_NAME = AppIcon;
				ASSETCATALOG_COMPILER_GLOBAL_ACCENT_COLOR_NAME = AccentColor;
				CODE_SIGN_ENTITLEMENTS = Hohma/Hohma.entitlements;
				CODE_SIGN_STYLE = Automatic;
				CURRENT_PROJECT_VERSION = 1;
				DEVELOPMENT_TEAM = 4D7KVU7P88;
				EMIT_FRONTEND_COMMAND_LINES = YES;
				ENABLE_HARDENED_RUNTIME = YES;
				ENABLE_PREVIEWS = YES;
				GENERATE_INFOPLIST_FILE = YES;
				INFOPLIST_FILE = Hohma/Info.plist;
				INFOPLIST_KEY_CFBundleDisplayName = XOXMA;
				INFOPLIST_KEY_LSApplicationCategoryType = "public.app-category.entertainment";
				INFOPLIST_KEY_NSPhotoLibraryUsageDescription = "Приложению необходим доступ к фотографиям для загрузки аватара профиля";
				"INFOPLIST_KEY_UIApplicationSceneManifest_Generation[sdk=iphoneos*]" = YES;
				"INFOPLIST_KEY_UIApplicationSceneManifest_Generation[sdk=iphonesimulator*]" = YES;
				"INFOPLIST_KEY_UIApplicationSupportsIndirectInputEvents[sdk=iphoneos*]" = YES;
				"INFOPLIST_KEY_UIApplicationSupportsIndirectInputEvents[sdk=iphonesimulator*]" = YES;
				"INFOPLIST_KEY_UILaunchScreen_Generation[sdk=iphoneos*]" = YES;
				"INFOPLIST_KEY_UILaunchScreen_Generation[sdk=iphonesimulator*]" = YES;
				INFOPLIST_KEY_UILaunchStoryboardName = LaunchScreen;
				INFOPLIST_KEY_UIStatusBarStyle = UIStatusBarStyleDefault;
				"INFOPLIST_KEY_UIStatusBarStyle[sdk=iphoneos*]" = UIStatusBarStyleDefault;
				"INFOPLIST_KEY_UIStatusBarStyle[sdk=iphonesimulator*]" = UIStatusBarStyleDefault;
				INFOPLIST_KEY_UISupportedInterfaceOrientations = UIInterfaceOrientationPortrait;
				INFOPLIST_KEY_UISupportedInterfaceOrientations_iPad = "UIInterfaceOrientationLandscapeLeft UIInterfaceOrientationLandscapeRight UIInterfaceOrientationPortrait UIInterfaceOrientationPortraitUpsideDown";
				IPHONEOS_DEPLOYMENT_TARGET = 18.5;
				LD_RUNPATH_SEARCH_PATHS = "@executable_path/Frameworks";
				"LD_RUNPATH_SEARCH_PATHS[sdk=macosx*]" = "@executable_path/../Frameworks";
				MACOSX_DEPLOYMENT_TARGET = 15.5;
				MARKETING_VERSION = 1.0;
				PRODUCT_BUNDLE_IDENTIFIER = riqtu.Hohma;
				PRODUCT_NAME = "$(TARGET_NAME)";
				REGISTER_APP_GROUPS = YES;
				SDKROOT = auto;
				SUPPORTED_PLATFORMS = "iphoneos iphonesimulator";
				SUPPORTS_MACCATALYST = NO;
				SWIFT_EMIT_LOC_STRINGS = YES;
				SWIFT_VERSION = 5.0;
				TARGETED_DEVICE_FAMILY = "1,2";
				XROS_DEPLOYMENT_TARGET = 2.5;
			};
			name = Release;
		};
/* End XCBuildConfiguration section */

/* Begin XCConfigurationList section */
		98FE9B072E3FA8EC004AEED5 /* Build configuration list for PBXProject "Hohma" */ = {
			isa = XCConfigurationList;
			buildConfigurations = (
				98FE9B162E3FA8ED004AEED5 /* Debug */,
				98FE9B172E3FA8ED004AEED5 /* Release */,
			);
			defaultConfigurationIsVisible = 0;
			defaultConfigurationName = Release;
		};
		98FE9B182E3FA8ED004AEED5 /* Build configuration list for PBXNativeTarget "Hohma" */ = {
			isa = XCConfigurationList;
			buildConfigurations = (
				98FE9B192E3FA8ED004AEED5 /* Debug */,
				98FE9B1A2E3FA8ED004AEED5 /* Release */,
			);
			defaultConfigurationIsVisible = 0;
			defaultConfigurationName = Release;
		};
/* End XCConfigurationList section */

/* Begin XCRemoteSwiftPackageReference section */
		987FCECE2E45FFF300AAB2F3 /* XCRemoteSwiftPackageReference "Inject" */ = {
			isa = XCRemoteSwiftPackageReference;
			repositoryURL = "https://github.com/krzysztofzablocki/Inject.git";
			requirement = {
				kind = upToNextMajorVersion;
				minimumVersion = 1.5.2;
			};
		};
		987FCED12E460D4500AAB2F4 /* XCRemoteSwiftPackageReference "socket.io-client-swift" */ = {
			isa = XCRemoteSwiftPackageReference;
			repositoryURL = "https://github.com/socketio/socket.io-client-swift.git";
			requirement = {
				kind = upToNextMajorVersion;
				minimumVersion = 16.0.0;
			};
		};
/* End XCRemoteSwiftPackageReference section */

/* Begin XCSwiftPackageProductDependency section */
		987FCECF2E45FFF300AAB2F3 /* Inject */ = {
			isa = XCSwiftPackageProductDependency;
			package = 987FCECE2E45FFF300AAB2F3 /* XCRemoteSwiftPackageReference "Inject" */;
			productName = Inject;
		};
		987FCED22E460D4500AAB2F4 /* SocketIO */ = {
			isa = XCSwiftPackageProductDependency;
			package = 987FCED12E460D4500AAB2F4 /* XCRemoteSwiftPackageReference "socket.io-client-swift" */;
			productName = SocketIO;
		};
/* End XCSwiftPackageProductDependency section */
	};
	rootObject = 98FE9B042E3FA8EC004AEED5 /* Project object */;
}
